
Microsoft Visual Studio Solution File, Format Version 12.00
# Visual Studio Version 16
VisualStudioVersion = 16.0.30717.126
MinimumVisualStudioVersion = 10.0.40219.1
Project("{FAE04EC0-301F-11D3-BF4B-00C04F79EFBC}") = "HelpDesk.Web", "HelpDesk.Web\HelpDesk.Web.csproj", "{E370A032-971C-4AB5-AFB6-2020422184B5}"
EndProject
Project("{FAE04EC0-301F-11D3-BF4B-00C04F79EFBC}") = "HelpDesk.Data", "HelpDesk.Data\HelpDesk.Data.csproj", "{43AD1223-FDBA-4057-B9F2-8CD8612D314C}"
EndProject
Project("{FAE04EC0-301F-11D3-BF4B-00C04F79EFBC}") = "HelpDesk.Service", "HelpDesk.Service\HelpDesk.Service.csproj", "{4B90EC39-2FFA-4EC7-B82A-4061D8D88901}"
EndProject
Global
	GlobalSection(SolutionConfigurationPlatforms) = preSolution
		Debug|Any CPU = Debug|Any CPU
		Release|Any CPU = Release|Any CPU
	EndGlobalSection
	GlobalSection(ProjectConfigurationPlatforms) = postSolution
		{E370A032-971C-4AB5-AFB6-2020422184B5}.Debug|Any CPU.ActiveCfg = Debug|Any CPU
		{E370A032-971C-4AB5-AFB6-2020422184B5}.Debug|Any CPU.Build.0 = Debug|Any CPU
		{E370A032-971C-4AB5-AFB6-2020422184B5}.Release|Any CPU.ActiveCfg = Release|Any CPU
		{E370A032-971C-4AB5-AFB6-2020422184B5}.Release|Any CPU.Build.0 = Release|Any CPU
		{43AD1223-FDBA-4057-B9F2-8CD8612D314C}.Debug|Any CPU.ActiveCfg = Debug|Any CPU
		{43AD1223-FDBA-4057-B9F2-8CD8612D314C}.Debug|Any CPU.Build.0 = Debug|Any CPU
		{43AD1223-FDBA-4057-B9F2-8CD8612D314C}.Release|Any CPU.ActiveCfg = Release|Any CPU
		{43AD1223-FDBA-4057-B9F2-8CD8612D314C}.Release|Any CPU.Build.0 = Release|Any CPU
		{4B90EC39-2FFA-4EC7-B82A-4061D8D88901}.Debug|Any CPU.ActiveCfg = Debug|Any CPU
		{4B90EC39-2FFA-4EC7-B82A-4061D8D88901}.Debug|Any CPU.Build.0 = Debug|Any CPU
		{4B90EC39-2FFA-4EC7-B82A-4061D8D88901}.Release|Any CPU.ActiveCfg = Release|Any CPU
		{4B90EC39-2FFA-4EC7-B82A-4061D8D88901}.Release|Any CPU.Build.0 = Release|Any CPU
	EndGlobalSection
	GlobalSection(SolutionProperties) = preSolution
		HideSolutionNode = FALSE
	EndGlobalSection
	GlobalSection(ExtensibilityGlobals) = postSolution
		SolutionGuid = {17582BC2-5CA5-490B-AFF2-04DD98D9B627}
	EndGlobalSection
EndGlobal
